
Microsoft Visual Studio Solution File, Format Version 12.00
# Visual Studio Version 16
VisualStudioVersion = 16.0.31624.102
MinimumVisualStudioVersion = 10.0.40219.1
Project("{FAE04EC0-301F-11D3-BF4B-00C04F79EFBC}") = "Veylib", "Veylib\Veylib.csproj", "{E321AF31-8696-4463-AC9F-F2B3A3F76E3C}"
EndProject
Global
	GlobalSection(SolutionConfigurationPlatforms) = preSolution
		Debug|Any CPU = Debug|Any CPU
		Release|Any CPU = Release|Any CPU
	EndGlobalSection
	GlobalSection(ProjectConfigurationPlatforms) = postSolution
		{E321AF31-8696-4463-AC9F-F2B3A3F76E3C}.Debug|Any CPU.ActiveCfg = Debug|Any CPU
		{E321AF31-8696-4463-AC9F-F2B3A3F76E3C}.Debug|Any CPU.Build.0 = Debug|Any CPU
		{E321AF31-8696-4463-AC9F-F2B3A3F76E3C}.Release|Any CPU.ActiveCfg = Release|Any CPU
		{E321AF31-8696-4463-AC9F-F2B3A3F76E3C}.Release|Any CPU.Build.0 = Release|Any CPU
	EndGlobalSection
	GlobalSection(SolutionProperties) = preSolution
		HideSolutionNode = FALSE
	EndGlobalSection
	GlobalSection(ExtensibilityGlobals) = postSolution
		SolutionGuid = {E1A2A37A-41EA-4878-AAC4-ED3876A80870}
	EndGlobalSection
EndGlobal
